
Microsoft Visual Studio Solution File, Format Version 12.00
# Visual Studio 15
VisualStudioVersion = 15.0.27130.2024
MinimumVisualStudioVersion = 10.0.40219.1
Project("{FAE04EC0-301F-11D3-BF4B-00C04F79EFBC}") = "PlusprofilAddin", "PlusprofilAddin\PlusprofilAddin.csproj", "{9CABFADF-E159-425F-B66B-288A0FFB99DF}"
EndProject
Project("{930C7802-8A8C-48F9-8165-68863BCCD9DD}") = "PlusprofilAddinInstaller", "PlusprofilAddinInstaller\PlusprofilAddinInstaller.wixproj", "{14235615-48FA-45B7-AFC9-84628F1B19F7}"
	ProjectSection(ProjectDependencies) = postProject
		{9CABFADF-E159-425F-B66B-288A0FFB99DF} = {9CABFADF-E159-425F-B66B-288A0FFB99DF}
	EndProjectSection
EndProject
Project("{7CF6DF6D-3B04-46F8-A40B-537D21BCA0B4}") = "PlusprofilAddinDocumentation", "PlusprofilAddinDocumentation\PlusprofilAddinDocumentation.shfbproj", "{38A57D2A-210D-4437-AC17-3D669FE00BCD}"
EndProject
Global
	GlobalSection(SolutionConfigurationPlatforms) = preSolution
		Debug|Any CPU = Debug|Any CPU
		Debug|x86 = Debug|x86
		Release|Any CPU = Release|Any CPU
		Release|x86 = Release|x86
	EndGlobalSection
	GlobalSection(ProjectConfigurationPlatforms) = postSolution
		{9CABFADF-E159-425F-B66B-288A0FFB99DF}.Debug|Any CPU.ActiveCfg = Debug|Any CPU
		{9CABFADF-E159-425F-B66B-288A0FFB99DF}.Debug|Any CPU.Build.0 = Debug|Any CPU
		{9CABFADF-E159-425F-B66B-288A0FFB99DF}.Debug|x86.ActiveCfg = Debug|Any CPU
		{9CABFADF-E159-425F-B66B-288A0FFB99DF}.Debug|x86.Build.0 = Debug|Any CPU
		{9CABFADF-E159-425F-B66B-288A0FFB99DF}.Release|Any CPU.ActiveCfg = Release|Any CPU
		{9CABFADF-E159-425F-B66B-288A0FFB99DF}.Release|Any CPU.Build.0 = Release|Any CPU
		{9CABFADF-E159-425F-B66B-288A0FFB99DF}.Release|x86.ActiveCfg = Release|Any CPU
		{9CABFADF-E159-425F-B66B-288A0FFB99DF}.Release|x86.Build.0 = Release|Any CPU
		{14235615-48FA-45B7-AFC9-84628F1B19F7}.Debug|Any CPU.ActiveCfg = Debug|x86
		{14235615-48FA-45B7-AFC9-84628F1B19F7}.Debug|Any CPU.Build.0 = Debug|x86
		{14235615-48FA-45B7-AFC9-84628F1B19F7}.Debug|x86.ActiveCfg = Debug|x86
		{14235615-48FA-45B7-AFC9-84628F1B19F7}.Debug|x86.Build.0 = Debug|x86
		{14235615-48FA-45B7-AFC9-84628F1B19F7}.Release|Any CPU.ActiveCfg = Release|x86
		{14235615-48FA-45B7-AFC9-84628F1B19F7}.Release|x86.ActiveCfg = Release|x86
		{14235615-48FA-45B7-AFC9-84628F1B19F7}.Release|x86.Build.0 = Release|x86
		{38A57D2A-210D-4437-AC17-3D669FE00BCD}.Debug|Any CPU.ActiveCfg = Debug|Any CPU
		{38A57D2A-210D-4437-AC17-3D669FE00BCD}.Debug|Any CPU.Build.0 = Debug|Any CPU
		{38A57D2A-210D-4437-AC17-3D669FE00BCD}.Debug|x86.ActiveCfg = Debug|Any CPU
		{38A57D2A-210D-4437-AC17-3D669FE00BCD}.Debug|x86.Build.0 = Debug|Any CPU
		{38A57D2A-210D-4437-AC17-3D669FE00BCD}.Release|Any CPU.ActiveCfg = Release|Any CPU
		{38A57D2A-210D-4437-AC17-3D669FE00BCD}.Release|Any CPU.Build.0 = Release|Any CPU
		{38A57D2A-210D-4437-AC17-3D669FE00BCD}.Release|x86.ActiveCfg = Release|Any CPU
		{38A57D2A-210D-4437-AC17-3D669FE00BCD}.Release|x86.Build.0 = Release|Any CPU
	EndGlobalSection
	GlobalSection(SolutionProperties) = preSolution
		HideSolutionNode = FALSE
	EndGlobalSection
	GlobalSection(ExtensibilityGlobals) = postSolution
		SolutionGuid = {606D6B24-C5E8-4CEA-958C-D678309635E2}
	EndGlobalSection
EndGlobal
