
Microsoft Visual Studio Solution File, Format Version 12.00
# Visual Studio 15
VisualStudioVersion = 15.0.27130.2003
MinimumVisualStudioVersion = 10.0.40219.1
Project("{FAE04EC0-301F-11D3-BF4B-00C04F79EFBC}") = "PlusprofilAddin", "Plusprofil Add-in\PlusprofilAddin.csproj", "{9CABFADF-E159-425F-B66B-288A0FFB99DF}"
EndProject
Project("{FAE04EC0-301F-11D3-BF4B-00C04F79EFBC}") = "PlusprofilAddinUnitTests", "PlusprofilAddinUnitTests\PlusprofilAddinUnitTests.csproj", "{E265F9E5-351A-44FC-9A58-5F018E489F6A}"
EndProject
Global
	GlobalSection(SolutionConfigurationPlatforms) = preSolution
		Debug|Any CPU = Debug|Any CPU
		Release|Any CPU = Release|Any CPU
	EndGlobalSection
	GlobalSection(ProjectConfigurationPlatforms) = postSolution
		{9CABFADF-E159-425F-B66B-288A0FFB99DF}.Debug|Any CPU.ActiveCfg = Debug|Any CPU
		{9CABFADF-E159-425F-B66B-288A0FFB99DF}.Debug|Any CPU.Build.0 = Debug|Any CPU
		{9CABFADF-E159-425F-B66B-288A0FFB99DF}.Release|Any CPU.ActiveCfg = Release|Any CPU
		{9CABFADF-E159-425F-B66B-288A0FFB99DF}.Release|Any CPU.Build.0 = Release|Any CPU
		{E265F9E5-351A-44FC-9A58-5F018E489F6A}.Debug|Any CPU.ActiveCfg = Debug|Any CPU
		{E265F9E5-351A-44FC-9A58-5F018E489F6A}.Debug|Any CPU.Build.0 = Debug|Any CPU
		{E265F9E5-351A-44FC-9A58-5F018E489F6A}.Release|Any CPU.ActiveCfg = Release|Any CPU
		{E265F9E5-351A-44FC-9A58-5F018E489F6A}.Release|Any CPU.Build.0 = Release|Any CPU
	EndGlobalSection
	GlobalSection(SolutionProperties) = preSolution
		HideSolutionNode = FALSE
	EndGlobalSection
	GlobalSection(ExtensibilityGlobals) = postSolution
		SolutionGuid = {606D6B24-C5E8-4CEA-958C-D678309635E2}
	EndGlobalSection
EndGlobal
